# This file is generated by running "yarn install" inside your project.
# Manual changes might be lost - proceed with caution!

__metadata:
  version: 6

"@e7npm/eslint@workspace:.":
  version: 0.0.0-use.local
  resolution: "@e7npm/eslint@workspace:."
  peerDependencies:
    "@typescript-eslint/eslint-plugin": ">= 5"
    "@typescript-eslint/parser": ">= 5"
    eslint: ">= 8"
    eslint-config-airbnb-typescript: ">= 17"
    eslint-config-prettier: ">= 8"
    eslint-plugin-import: ">= 2"
    eslint-plugin-jsx-a11y: ">= 6"
    eslint-plugin-prettier: ">= 4"
    eslint-plugin-react: ">= 7"
    eslint-plugin-react-hooks: ">= 4"
    npm-run-all: ">= 4"
    prettier: ">= 2"
    typescript: ">= 4"
  languageName: unknown
  linkType: soft
